
Microsoft Visual Studio Solution File, Format Version 12.00
# Visual Studio Version 17
VisualStudioVersion = 17.11.35222.181
MinimumVisualStudioVersion = 10.0.40219.1
Project("{9A19103F-16F7-4668-BE54-9A1E7A4F7556}") = "Sermone", "Sermone\Sermone.csproj", "{ED05A850-3D0C-481A-9F3F-13913EFC8815}"
EndProject
Project("{9A19103F-16F7-4668-BE54-9A1E7A4F7556}") = "aio", "..\aio\aio.csproj", "{46B71019-1540-425E-A9B9-69D5480A740A}"
EndProject
Global
	GlobalSection(SolutionConfigurationPlatforms) = preSolution
		Debug|Any CPU = Debug|Any CPU
		Release|Any CPU = Release|Any CPU
	EndGlobalSection
	GlobalSection(ProjectConfigurationPlatforms) = postSolution
		{ED05A850-3D0C-481A-9F3F-13913EFC8815}.Debug|Any CPU.ActiveCfg = Debug|Any CPU
		{ED05A850-3D0C-481A-9F3F-13913EFC8815}.Debug|Any CPU.Build.0 = Debug|Any CPU
		{ED05A850-3D0C-481A-9F3F-13913EFC8815}.Release|Any CPU.ActiveCfg = Release|Any CPU
		{ED05A850-3D0C-481A-9F3F-13913EFC8815}.Release|Any CPU.Build.0 = Release|Any CPU
		{46B71019-1540-425E-A9B9-69D5480A740A}.Debug|Any CPU.ActiveCfg = Debug|Any CPU
		{46B71019-1540-425E-A9B9-69D5480A740A}.Debug|Any CPU.Build.0 = Debug|Any CPU
		{46B71019-1540-425E-A9B9-69D5480A740A}.Release|Any CPU.ActiveCfg = Release|Any CPU
		{46B71019-1540-425E-A9B9-69D5480A740A}.Release|Any CPU.Build.0 = Release|Any CPU
	EndGlobalSection
	GlobalSection(SolutionProperties) = preSolution
		HideSolutionNode = FALSE
	EndGlobalSection
	GlobalSection(ExtensibilityGlobals) = postSolution
		SolutionGuid = {8FE44CCA-596C-4FFA-B836-583DF8D9205E}
	EndGlobalSection
EndGlobal
